
Microsoft Visual Studio Solution File, Format Version 12.00
# Visual Studio Version 17
VisualStudioVersion = 17.11.35208.52
MinimumVisualStudioVersion = 10.0.40219.1
Project("{8BC9CEB8-8B4A-11D0-8D11-00A0C91BC942}") = "AlgorithmsProblemSolving", "AlgorithmsProblemSolving.vcxproj", "{0BED849C-0E22-4D07-A0BD-EC94ACD6F906}"
EndProject
Global
	GlobalSection(SolutionConfigurationPlatforms) = preSolution
		Debug|x64 = Debug|x64
		Debug|x86 = Debug|x86
		Release|x64 = Release|x64
		Release|x86 = Release|x86
	EndGlobalSection
	GlobalSection(ProjectConfigurationPlatforms) = postSolution
		{0BED849C-0E22-4D07-A0BD-EC94ACD6F906}.Debug|x64.ActiveCfg = Debug|x64
		{0BED849C-0E22-4D07-A0BD-EC94ACD6F906}.Debug|x64.Build.0 = Debug|x64
		{0BED849C-0E22-4D07-A0BD-EC94ACD6F906}.Debug|x86.ActiveCfg = Debug|Win32
		{0BED849C-0E22-4D07-A0BD-EC94ACD6F906}.Debug|x86.Build.0 = Debug|Win32
		{0BED849C-0E22-4D07-A0BD-EC94ACD6F906}.Release|x64.ActiveCfg = Release|x64
		{0BED849C-0E22-4D07-A0BD-EC94ACD6F906}.Release|x64.Build.0 = Release|x64
		{0BED849C-0E22-4D07-A0BD-EC94ACD6F906}.Release|x86.ActiveCfg = Release|Win32
		{0BED849C-0E22-4D07-A0BD-EC94ACD6F906}.Release|x86.Build.0 = Release|Win32
	EndGlobalSection
	GlobalSection(SolutionProperties) = preSolution
		HideSolutionNode = FALSE
	EndGlobalSection
	GlobalSection(ExtensibilityGlobals) = postSolution
		SolutionGuid = {AF86651C-5FAC-4122-B1E9-858C612675A8}
	EndGlobalSection
EndGlobal
